
Microsoft Visual Studio Solution File, Format Version 12.00
# Visual Studio 15
VisualStudioVersion = 15.0.27004.2010
MinimumVisualStudioVersion = 10.0.40219.1
Project("{FAE04EC0-301F-11D3-BF4B-00C04F79EFBC}") = "GUI_Csharp2", "GUI_Csharp2\GUI_Csharp2.csproj", "{5C1D305A-B9C7-4978-B892-4D3691A5143A}"
EndProject
Global
	GlobalSection(SolutionConfigurationPlatforms) = preSolution
		Debug|Any CPU = Debug|Any CPU
		Release|Any CPU = Release|Any CPU
	EndGlobalSection
	GlobalSection(ProjectConfigurationPlatforms) = postSolution
		{5C1D305A-B9C7-4978-B892-4D3691A5143A}.Debug|Any CPU.ActiveCfg = Debug|Any CPU
		{5C1D305A-B9C7-4978-B892-4D3691A5143A}.Debug|Any CPU.Build.0 = Debug|Any CPU
		{5C1D305A-B9C7-4978-B892-4D3691A5143A}.Release|Any CPU.ActiveCfg = Release|Any CPU
		{5C1D305A-B9C7-4978-B892-4D3691A5143A}.Release|Any CPU.Build.0 = Release|Any CPU
	EndGlobalSection
	GlobalSection(SolutionProperties) = preSolution
		HideSolutionNode = FALSE
	EndGlobalSection
	GlobalSection(ExtensibilityGlobals) = postSolution
		SolutionGuid = {DADF118B-7A5E-4B24-9659-17E82FEA21E2}
	EndGlobalSection
EndGlobal
