
Microsoft Visual Studio Solution File, Format Version 12.00
# Visual Studio 15
VisualStudioVersion = 15.0.27004.2006
MinimumVisualStudioVersion = 10.0.40219.1
Project("{8BC9CEB8-8B4A-11D0-8D11-00A0C91BC942}") = "testProject", "testProject\testProject.vcxproj", "{BE5EAEAB-0574-4E83-8C78-75A196D6C054}"
EndProject
Global
	GlobalSection(SolutionConfigurationPlatforms) = preSolution
		Debug|x64 = Debug|x64
		Debug|x86 = Debug|x86
		Release|x64 = Release|x64
		Release|x86 = Release|x86
	EndGlobalSection
	GlobalSection(ProjectConfigurationPlatforms) = postSolution
		{BE5EAEAB-0574-4E83-8C78-75A196D6C054}.Debug|x64.ActiveCfg = Debug|x64
		{BE5EAEAB-0574-4E83-8C78-75A196D6C054}.Debug|x64.Build.0 = Debug|x64
		{BE5EAEAB-0574-4E83-8C78-75A196D6C054}.Debug|x86.ActiveCfg = Debug|Win32
		{BE5EAEAB-0574-4E83-8C78-75A196D6C054}.Debug|x86.Build.0 = Debug|Win32
		{BE5EAEAB-0574-4E83-8C78-75A196D6C054}.Release|x64.ActiveCfg = Release|x64
		{BE5EAEAB-0574-4E83-8C78-75A196D6C054}.Release|x64.Build.0 = Release|x64
		{BE5EAEAB-0574-4E83-8C78-75A196D6C054}.Release|x86.ActiveCfg = Release|Win32
		{BE5EAEAB-0574-4E83-8C78-75A196D6C054}.Release|x86.Build.0 = Release|Win32
	EndGlobalSection
	GlobalSection(SolutionProperties) = preSolution
		HideSolutionNode = FALSE
	EndGlobalSection
	GlobalSection(ExtensibilityGlobals) = postSolution
		SolutionGuid = {64F6F013-87EF-4166-96F0-17AC4067DF6E}
	EndGlobalSection
EndGlobal
